
Microsoft Visual Studio Solution File, Format Version 12.00
# Visual Studio 15
VisualStudioVersion = 15.0.27703.2026
MinimumVisualStudioVersion = 10.0.40219.1
Project("{D954291E-2A0B-460D-934E-DC6B0785DB48}") = "UnoTest.Shared", "UnoTest\UnoTest.Shared\UnoTest.Shared.shproj", "{6279C845-92F8-4333-AB99-3D213163593C}"
EndProject
Project("{9A19103F-16F7-4668-BE54-9A1E7A4F7556}") = "UnoTest.Wasm", "UnoTest\UnoTest.Wasm\UnoTest.Wasm.csproj", "{582EDD4F-E99B-437A-A213-8A3EF96C01AD}"
EndProject
Project("{9A19103F-16F7-4668-BE54-9A1E7A4F7556}") = "UnoTest.Web", "UnoTest.Web\UnoTest.Web.csproj", "{BEBCA748-8475-45C3-8330-037A927D59E2}"
EndProject
Project("{9A19103F-16F7-4668-BE54-9A1E7A4F7556}") = "UnoTest.Web.Data", "UnoTest.Web.Data\UnoTest.Web.Data.csproj", "{D75DFF4B-A15D-4EA7-98B2-DC5716E03DC8}"
EndProject
Global
	GlobalSection(SharedMSBuildProjectFiles) = preSolution
		UnoTest\UnoTest.Shared\UnoTest.Shared.projitems*{6279c845-92f8-4333-ab99-3d213163593c}*SharedItemsImports = 13
	EndGlobalSection
	GlobalSection(SolutionConfigurationPlatforms) = preSolution
		Ad-Hoc|Any CPU = Ad-Hoc|Any CPU
		Ad-Hoc|ARM = Ad-Hoc|ARM
		Ad-Hoc|iPhone = Ad-Hoc|iPhone
		Ad-Hoc|iPhoneSimulator = Ad-Hoc|iPhoneSimulator
		Ad-Hoc|x64 = Ad-Hoc|x64
		Ad-Hoc|x86 = Ad-Hoc|x86
		AppStore|Any CPU = AppStore|Any CPU
		AppStore|ARM = AppStore|ARM
		AppStore|iPhone = AppStore|iPhone
		AppStore|iPhoneSimulator = AppStore|iPhoneSimulator
		AppStore|x64 = AppStore|x64
		AppStore|x86 = AppStore|x86
		Debug|Any CPU = Debug|Any CPU
		Debug|ARM = Debug|ARM
		Debug|iPhone = Debug|iPhone
		Debug|iPhoneSimulator = Debug|iPhoneSimulator
		Debug|x64 = Debug|x64
		Debug|x86 = Debug|x86
		Release|Any CPU = Release|Any CPU
		Release|ARM = Release|ARM
		Release|iPhone = Release|iPhone
		Release|iPhoneSimulator = Release|iPhoneSimulator
		Release|x64 = Release|x64
		Release|x86 = Release|x86
	EndGlobalSection
	GlobalSection(ProjectConfigurationPlatforms) = postSolution
		{582EDD4F-E99B-437A-A213-8A3EF96C01AD}.Ad-Hoc|Any CPU.ActiveCfg = Debug|Any CPU
		{582EDD4F-E99B-437A-A213-8A3EF96C01AD}.Ad-Hoc|Any CPU.Build.0 = Debug|Any CPU
		{582EDD4F-E99B-437A-A213-8A3EF96C01AD}.Ad-Hoc|ARM.ActiveCfg = Debug|Any CPU
		{582EDD4F-E99B-437A-A213-8A3EF96C01AD}.Ad-Hoc|ARM.Build.0 = Debug|Any CPU
		{582EDD4F-E99B-437A-A213-8A3EF96C01AD}.Ad-Hoc|iPhone.ActiveCfg = Debug|Any CPU
		{582EDD4F-E99B-437A-A213-8A3EF96C01AD}.Ad-Hoc|iPhone.Build.0 = Debug|Any CPU
		{582EDD4F-E99B-437A-A213-8A3EF96C01AD}.Ad-Hoc|iPhoneSimulator.ActiveCfg = Debug|Any CPU
		{582EDD4F-E99B-437A-A213-8A3EF96C01AD}.Ad-Hoc|iPhoneSimulator.Build.0 = Debug|Any CPU
		{582EDD4F-E99B-437A-A213-8A3EF96C01AD}.Ad-Hoc|x64.ActiveCfg = Debug|Any CPU
		{582EDD4F-E99B-437A-A213-8A3EF96C01AD}.Ad-Hoc|x64.Build.0 = Debug|Any CPU
		{582EDD4F-E99B-437A-A213-8A3EF96C01AD}.Ad-Hoc|x86.ActiveCfg = Debug|Any CPU
		{582EDD4F-E99B-437A-A213-8A3EF96C01AD}.Ad-Hoc|x86.Build.0 = Debug|Any CPU
		{582EDD4F-E99B-437A-A213-8A3EF96C01AD}.AppStore|Any CPU.ActiveCfg = Debug|Any CPU
		{582EDD4F-E99B-437A-A213-8A3EF96C01AD}.AppStore|Any CPU.Build.0 = Debug|Any CPU
		{582EDD4F-E99B-437A-A213-8A3EF96C01AD}.AppStore|ARM.ActiveCfg = Debug|Any CPU
		{582EDD4F-E99B-437A-A213-8A3EF96C01AD}.AppStore|ARM.Build.0 = Debug|Any CPU
		{582EDD4F-E99B-437A-A213-8A3EF96C01AD}.AppStore|iPhone.ActiveCfg = Debug|Any CPU
		{582EDD4F-E99B-437A-A213-8A3EF96C01AD}.AppStore|iPhone.Build.0 = Debug|Any CPU
		{582EDD4F-E99B-437A-A213-8A3EF96C01AD}.AppStore|iPhoneSimulator.ActiveCfg = Debug|Any CPU
		{582EDD4F-E99B-437A-A213-8A3EF96C01AD}.AppStore|iPhoneSimulator.Build.0 = Debug|Any CPU
		{582EDD4F-E99B-437A-A213-8A3EF96C01AD}.AppStore|x64.ActiveCfg = Debug|Any CPU
		{582EDD4F-E99B-437A-A213-8A3EF96C01AD}.AppStore|x64.Build.0 = Debug|Any CPU
		{582EDD4F-E99B-437A-A213-8A3EF96C01AD}.AppStore|x86.ActiveCfg = Debug|Any CPU
		{582EDD4F-E99B-437A-A213-8A3EF96C01AD}.AppStore|x86.Build.0 = Debug|Any CPU
		{582EDD4F-E99B-437A-A213-8A3EF96C01AD}.Debug|Any CPU.ActiveCfg = Debug|Any CPU
		{582EDD4F-E99B-437A-A213-8A3EF96C01AD}.Debug|Any CPU.Build.0 = Debug|Any CPU
		{582EDD4F-E99B-437A-A213-8A3EF96C01AD}.Debug|ARM.ActiveCfg = Debug|Any CPU
		{582EDD4F-E99B-437A-A213-8A3EF96C01AD}.Debug|ARM.Build.0 = Debug|Any CPU
		{582EDD4F-E99B-437A-A213-8A3EF96C01AD}.Debug|iPhone.ActiveCfg = Debug|Any CPU
		{582EDD4F-E99B-437A-A213-8A3EF96C01AD}.Debug|iPhone.Build.0 = Debug|Any CPU
		{582EDD4F-E99B-437A-A213-8A3EF96C01AD}.Debug|iPhoneSimulator.ActiveCfg = Debug|Any CPU
		{582EDD4F-E99B-437A-A213-8A3EF96C01AD}.Debug|iPhoneSimulator.Build.0 = Debug|Any CPU
		{582EDD4F-E99B-437A-A213-8A3EF96C01AD}.Debug|x64.ActiveCfg = Debug|Any CPU
		{582EDD4F-E99B-437A-A213-8A3EF96C01AD}.Debug|x64.Build.0 = Debug|Any CPU
		{582EDD4F-E99B-437A-A213-8A3EF96C01AD}.Debug|x86.ActiveCfg = Debug|Any CPU
		{582EDD4F-E99B-437A-A213-8A3EF96C01AD}.Debug|x86.Build.0 = Debug|Any CPU
		{582EDD4F-E99B-437A-A213-8A3EF96C01AD}.Release|Any CPU.ActiveCfg = Release|Any CPU
		{582EDD4F-E99B-437A-A213-8A3EF96C01AD}.Release|Any CPU.Build.0 = Release|Any CPU
		{582EDD4F-E99B-437A-A213-8A3EF96C01AD}.Release|ARM.ActiveCfg = Release|Any CPU
		{582EDD4F-E99B-437A-A213-8A3EF96C01AD}.Release|ARM.Build.0 = Release|Any CPU
		{582EDD4F-E99B-437A-A213-8A3EF96C01AD}.Release|iPhone.ActiveCfg = Release|Any CPU
		{582EDD4F-E99B-437A-A213-8A3EF96C01AD}.Release|iPhone.Build.0 = Release|Any CPU
		{582EDD4F-E99B-437A-A213-8A3EF96C01AD}.Release|iPhoneSimulator.ActiveCfg = Release|Any CPU
		{582EDD4F-E99B-437A-A213-8A3EF96C01AD}.Release|iPhoneSimulator.Build.0 = Release|Any CPU
		{582EDD4F-E99B-437A-A213-8A3EF96C01AD}.Release|x64.ActiveCfg = Release|Any CPU
		{582EDD4F-E99B-437A-A213-8A3EF96C01AD}.Release|x64.Build.0 = Release|Any CPU
		{582EDD4F-E99B-437A-A213-8A3EF96C01AD}.Release|x86.ActiveCfg = Release|Any CPU
		{582EDD4F-E99B-437A-A213-8A3EF96C01AD}.Release|x86.Build.0 = Release|Any CPU
		{BEBCA748-8475-45C3-8330-037A927D59E2}.Ad-Hoc|Any CPU.ActiveCfg = Debug|Any CPU
		{BEBCA748-8475-45C3-8330-037A927D59E2}.Ad-Hoc|Any CPU.Build.0 = Debug|Any CPU
		{BEBCA748-8475-45C3-8330-037A927D59E2}.Ad-Hoc|ARM.ActiveCfg = Debug|Any CPU
		{BEBCA748-8475-45C3-8330-037A927D59E2}.Ad-Hoc|ARM.Build.0 = Debug|Any CPU
		{BEBCA748-8475-45C3-8330-037A927D59E2}.Ad-Hoc|iPhone.ActiveCfg = Debug|Any CPU
		{BEBCA748-8475-45C3-8330-037A927D59E2}.Ad-Hoc|iPhone.Build.0 = Debug|Any CPU
		{BEBCA748-8475-45C3-8330-037A927D59E2}.Ad-Hoc|iPhoneSimulator.ActiveCfg = Debug|Any CPU
		{BEBCA748-8475-45C3-8330-037A927D59E2}.Ad-Hoc|iPhoneSimulator.Build.0 = Debug|Any CPU
		{BEBCA748-8475-45C3-8330-037A927D59E2}.Ad-Hoc|x64.ActiveCfg = Debug|Any CPU
		{BEBCA748-8475-45C3-8330-037A927D59E2}.Ad-Hoc|x64.Build.0 = Debug|Any CPU
		{BEBCA748-8475-45C3-8330-037A927D59E2}.Ad-Hoc|x86.ActiveCfg = Debug|Any CPU
		{BEBCA748-8475-45C3-8330-037A927D59E2}.Ad-Hoc|x86.Build.0 = Debug|Any CPU
		{BEBCA748-8475-45C3-8330-037A927D59E2}.AppStore|Any CPU.ActiveCfg = Debug|Any CPU
		{BEBCA748-8475-45C3-8330-037A927D59E2}.AppStore|Any CPU.Build.0 = Debug|Any CPU
		{BEBCA748-8475-45C3-8330-037A927D59E2}.AppStore|ARM.ActiveCfg = Debug|Any CPU
		{BEBCA748-8475-45C3-8330-037A927D59E2}.AppStore|ARM.Build.0 = Debug|Any CPU
		{BEBCA748-8475-45C3-8330-037A927D59E2}.AppStore|iPhone.ActiveCfg = Debug|Any CPU
		{BEBCA748-8475-45C3-8330-037A927D59E2}.AppStore|iPhone.Build.0 = Debug|Any CPU
		{BEBCA748-8475-45C3-8330-037A927D59E2}.AppStore|iPhoneSimulator.ActiveCfg = Debug|Any CPU
		{BEBCA748-8475-45C3-8330-037A927D59E2}.AppStore|iPhoneSimulator.Build.0 = Debug|Any CPU
		{BEBCA748-8475-45C3-8330-037A927D59E2}.AppStore|x64.ActiveCfg = Debug|Any CPU
		{BEBCA748-8475-45C3-8330-037A927D59E2}.AppStore|x64.Build.0 = Debug|Any CPU
		{BEBCA748-8475-45C3-8330-037A927D59E2}.AppStore|x86.ActiveCfg = Debug|Any CPU
		{BEBCA748-8475-45C3-8330-037A927D59E2}.AppStore|x86.Build.0 = Debug|Any CPU
		{BEBCA748-8475-45C3-8330-037A927D59E2}.Debug|Any CPU.ActiveCfg = Debug|Any CPU
		{BEBCA748-8475-45C3-8330-037A927D59E2}.Debug|Any CPU.Build.0 = Debug|Any CPU
		{BEBCA748-8475-45C3-8330-037A927D59E2}.Debug|ARM.ActiveCfg = Debug|Any CPU
		{BEBCA748-8475-45C3-8330-037A927D59E2}.Debug|ARM.Build.0 = Debug|Any CPU
		{BEBCA748-8475-45C3-8330-037A927D59E2}.Debug|iPhone.ActiveCfg = Debug|Any CPU
		{BEBCA748-8475-45C3-8330-037A927D59E2}.Debug|iPhone.Build.0 = Debug|Any CPU
		{BEBCA748-8475-45C3-8330-037A927D59E2}.Debug|iPhoneSimulator.ActiveCfg = Debug|Any CPU
		{BEBCA748-8475-45C3-8330-037A927D59E2}.Debug|iPhoneSimulator.Build.0 = Debug|Any CPU
		{BEBCA748-8475-45C3-8330-037A927D59E2}.Debug|x64.ActiveCfg = Debug|Any CPU
		{BEBCA748-8475-45C3-8330-037A927D59E2}.Debug|x64.Build.0 = Debug|Any CPU
		{BEBCA748-8475-45C3-8330-037A927D59E2}.Debug|x86.ActiveCfg = Debug|Any CPU
		{BEBCA748-8475-45C3-8330-037A927D59E2}.Debug|x86.Build.0 = Debug|Any CPU
		{BEBCA748-8475-45C3-8330-037A927D59E2}.Release|Any CPU.ActiveCfg = Release|Any CPU
		{BEBCA748-8475-45C3-8330-037A927D59E2}.Release|Any CPU.Build.0 = Release|Any CPU
		{BEBCA748-8475-45C3-8330-037A927D59E2}.Release|ARM.ActiveCfg = Release|Any CPU
		{BEBCA748-8475-45C3-8330-037A927D59E2}.Release|ARM.Build.0 = Release|Any CPU
		{BEBCA748-8475-45C3-8330-037A927D59E2}.Release|iPhone.ActiveCfg = Release|Any CPU
		{BEBCA748-8475-45C3-8330-037A927D59E2}.Release|iPhone.Build.0 = Release|Any CPU
		{BEBCA748-8475-45C3-8330-037A927D59E2}.Release|iPhoneSimulator.ActiveCfg = Release|Any CPU
		{BEBCA748-8475-45C3-8330-037A927D59E2}.Release|iPhoneSimulator.Build.0 = Release|Any CPU
		{BEBCA748-8475-45C3-8330-037A927D59E2}.Release|x64.ActiveCfg = Release|Any CPU
		{BEBCA748-8475-45C3-8330-037A927D59E2}.Release|x64.Build.0 = Release|Any CPU
		{BEBCA748-8475-45C3-8330-037A927D59E2}.Release|x86.ActiveCfg = Release|Any CPU
		{BEBCA748-8475-45C3-8330-037A927D59E2}.Release|x86.Build.0 = Release|Any CPU
		{D75DFF4B-A15D-4EA7-98B2-DC5716E03DC8}.Ad-Hoc|Any CPU.ActiveCfg = Debug|Any CPU
		{D75DFF4B-A15D-4EA7-98B2-DC5716E03DC8}.Ad-Hoc|Any CPU.Build.0 = Debug|Any CPU
		{D75DFF4B-A15D-4EA7-98B2-DC5716E03DC8}.Ad-Hoc|ARM.ActiveCfg = Debug|Any CPU
		{D75DFF4B-A15D-4EA7-98B2-DC5716E03DC8}.Ad-Hoc|ARM.Build.0 = Debug|Any CPU
		{D75DFF4B-A15D-4EA7-98B2-DC5716E03DC8}.Ad-Hoc|iPhone.ActiveCfg = Debug|Any CPU
		{D75DFF4B-A15D-4EA7-98B2-DC5716E03DC8}.Ad-Hoc|iPhone.Build.0 = Debug|Any CPU
		{D75DFF4B-A15D-4EA7-98B2-DC5716E03DC8}.Ad-Hoc|iPhoneSimulator.ActiveCfg = Debug|Any CPU
		{D75DFF4B-A15D-4EA7-98B2-DC5716E03DC8}.Ad-Hoc|iPhoneSimulator.Build.0 = Debug|Any CPU
		{D75DFF4B-A15D-4EA7-98B2-DC5716E03DC8}.Ad-Hoc|x64.ActiveCfg = Debug|Any CPU
		{D75DFF4B-A15D-4EA7-98B2-DC5716E03DC8}.Ad-Hoc|x64.Build.0 = Debug|Any CPU
		{D75DFF4B-A15D-4EA7-98B2-DC5716E03DC8}.Ad-Hoc|x86.ActiveCfg = Debug|Any CPU
		{D75DFF4B-A15D-4EA7-98B2-DC5716E03DC8}.Ad-Hoc|x86.Build.0 = Debug|Any CPU
		{D75DFF4B-A15D-4EA7-98B2-DC5716E03DC8}.AppStore|Any CPU.ActiveCfg = Debug|Any CPU
		{D75DFF4B-A15D-4EA7-98B2-DC5716E03DC8}.AppStore|Any CPU.Build.0 = Debug|Any CPU
		{D75DFF4B-A15D-4EA7-98B2-DC5716E03DC8}.AppStore|ARM.ActiveCfg = Debug|Any CPU
		{D75DFF4B-A15D-4EA7-98B2-DC5716E03DC8}.AppStore|ARM.Build.0 = Debug|Any CPU
		{D75DFF4B-A15D-4EA7-98B2-DC5716E03DC8}.AppStore|iPhone.ActiveCfg = Debug|Any CPU
		{D75DFF4B-A15D-4EA7-98B2-DC5716E03DC8}.AppStore|iPhone.Build.0 = Debug|Any CPU
		{D75DFF4B-A15D-4EA7-98B2-DC5716E03DC8}.AppStore|iPhoneSimulator.ActiveCfg = Debug|Any CPU
		{D75DFF4B-A15D-4EA7-98B2-DC5716E03DC8}.AppStore|iPhoneSimulator.Build.0 = Debug|Any CPU
		{D75DFF4B-A15D-4EA7-98B2-DC5716E03DC8}.AppStore|x64.ActiveCfg = Debug|Any CPU
		{D75DFF4B-A15D-4EA7-98B2-DC5716E03DC8}.AppStore|x64.Build.0 = Debug|Any CPU
		{D75DFF4B-A15D-4EA7-98B2-DC5716E03DC8}.AppStore|x86.ActiveCfg = Debug|Any CPU
		{D75DFF4B-A15D-4EA7-98B2-DC5716E03DC8}.AppStore|x86.Build.0 = Debug|Any CPU
		{D75DFF4B-A15D-4EA7-98B2-DC5716E03DC8}.Debug|Any CPU.ActiveCfg = Debug|Any CPU
		{D75DFF4B-A15D-4EA7-98B2-DC5716E03DC8}.Debug|Any CPU.Build.0 = Debug|Any CPU
		{D75DFF4B-A15D-4EA7-98B2-DC5716E03DC8}.Debug|ARM.ActiveCfg = Debug|Any CPU
		{D75DFF4B-A15D-4EA7-98B2-DC5716E03DC8}.Debug|ARM.Build.0 = Debug|Any CPU
		{D75DFF4B-A15D-4EA7-98B2-DC5716E03DC8}.Debug|iPhone.ActiveCfg = Debug|Any CPU
		{D75DFF4B-A15D-4EA7-98B2-DC5716E03DC8}.Debug|iPhone.Build.0 = Debug|Any CPU
		{D75DFF4B-A15D-4EA7-98B2-DC5716E03DC8}.Debug|iPhoneSimulator.ActiveCfg = Debug|Any CPU
		{D75DFF4B-A15D-4EA7-98B2-DC5716E03DC8}.Debug|iPhoneSimulator.Build.0 = Debug|Any CPU
		{D75DFF4B-A15D-4EA7-98B2-DC5716E03DC8}.Debug|x64.ActiveCfg = Debug|Any CPU
		{D75DFF4B-A15D-4EA7-98B2-DC5716E03DC8}.Debug|x64.Build.0 = Debug|Any CPU
		{D75DFF4B-A15D-4EA7-98B2-DC5716E03DC8}.Debug|x86.ActiveCfg = Debug|Any CPU
		{D75DFF4B-A15D-4EA7-98B2-DC5716E03DC8}.Debug|x86.Build.0 = Debug|Any CPU
		{D75DFF4B-A15D-4EA7-98B2-DC5716E03DC8}.Release|Any CPU.ActiveCfg = Release|Any CPU
		{D75DFF4B-A15D-4EA7-98B2-DC5716E03DC8}.Release|Any CPU.Build.0 = Release|Any CPU
		{D75DFF4B-A15D-4EA7-98B2-DC5716E03DC8}.Release|ARM.ActiveCfg = Release|Any CPU
		{D75DFF4B-A15D-4EA7-98B2-DC5716E03DC8}.Release|ARM.Build.0 = Release|Any CPU
		{D75DFF4B-A15D-4EA7-98B2-DC5716E03DC8}.Release|iPhone.ActiveCfg = Release|Any CPU
		{D75DFF4B-A15D-4EA7-98B2-DC5716E03DC8}.Release|iPhone.Build.0 = Release|Any CPU
		{D75DFF4B-A15D-4EA7-98B2-DC5716E03DC8}.Release|iPhoneSimulator.ActiveCfg = Release|Any CPU
		{D75DFF4B-A15D-4EA7-98B2-DC5716E03DC8}.Release|iPhoneSimulator.Build.0 = Release|Any CPU
		{D75DFF4B-A15D-4EA7-98B2-DC5716E03DC8}.Release|x64.ActiveCfg = Release|Any CPU
		{D75DFF4B-A15D-4EA7-98B2-DC5716E03DC8}.Release|x64.Build.0 = Release|Any CPU
		{D75DFF4B-A15D-4EA7-98B2-DC5716E03DC8}.Release|x86.ActiveCfg = Release|Any CPU
		{D75DFF4B-A15D-4EA7-98B2-DC5716E03DC8}.Release|x86.Build.0 = Release|Any CPU
	EndGlobalSection
	GlobalSection(SolutionProperties) = preSolution
		HideSolutionNode = FALSE
	EndGlobalSection
	GlobalSection(ExtensibilityGlobals) = postSolution
		SolutionGuid = {73A2BA92-9DD8-423F-BDED-D33F67A512EC}
	EndGlobalSection
EndGlobal
